{
  "name": "Tour-Guide-Sample",
  "version": "1.0.0",
  "lockfileVersion": 1,
  "requires": true,
  "dependencies": {
    "bootstrap": {
      "version": "4.6.1",
      "resolved": "https://registry.npmjs.org/bootstrap/-/bootstrap-4.6.1.tgz",
      "integrity": "sha512-0dj+VgI9Ecom+rvvpNZ4MUZJz8dcX7WCX+eTID9+/8HgOkv3dsRzi8BGeZJCQU6flWQVYxwTQnEZFrmJSEO7og=="
    },
    "bootstrap-tour-guide": {
      "version": "4.6.2",
      "resolved": "https://registry.npmjs.org/bootstrap-tour-guide/-/bootstrap-tour-guide-4.6.2.tgz",
      "integrity": "sha512-Bg57Bq8A0aSfjEHMuvsuO8lEi2uUskbDrUtAlRW0aszfcIrDYlwNcmTbEdVugLKs58OtFYLWXny3WS1gG6Qpxw==",
      "requires": {
        "bootstrap": "^4.6.1",
        "jquery": "^2.2.4",
        "popper.js": "^1.14.3"
      }
    },
    "jquery": {
      "version": "2.2.4",
      "resolved": "https://registry.npmjs.org/jquery/-/jquery-2.2.4.tgz",
      "integrity": "sha1-LInWiJterFIqfuoywUUhVZxsvwI="
    },
    "popper.js": {
      "version": "1.14.3",
      "resolved": "https://registry.npmjs.org/popper.js/-/popper.js-1.14.3.tgz",
      "integrity": "sha1-FDj5jQRqz3tNeM1QK/QYrGTU8JU="
    }
  }
}
