{
  "name": "Tour-Guide-Sample",
  "version": "1.0.0",
  "lockfileVersion": 1,
  "requires": true,
  "dependencies": {
    "bootstrap": {
      "version": "3.4.1",
      "resolved": "https://registry.npmjs.org/bootstrap/-/bootstrap-3.4.1.tgz",
      "integrity": "sha512-yN5oZVmRCwe5aKwzRj6736nSmKDX7pLYwsXiCj/EYmo16hODaBiT4En5btW/jhBF/seV+XMx3aYwukYC3A49DA=="
    },
    "bootstrap-tour-guide": {
      "version": "3.3.6",
      "resolved": "https://registry.npmjs.org/bootstrap-tour-guide/-/bootstrap-tour-guide-3.3.6.tgz",
      "integrity": "sha512-Pna15Oifv/bmSe85hjkVqcZKe6OquPcZ1pfmQxKFcIfQRqMVJCz/hXX4rkxLZvFySwl8LVuOXJabVpGLrXRJDg==",
      "requires": {
        "bootstrap": "^3.3.7",
        "jquery": "^1.12.4"
      }
    },
    "jquery": {
      "version": "1.12.4",
      "resolved": "https://registry.npmjs.org/jquery/-/jquery-1.12.4.tgz",
      "integrity": "sha1-AeHfuikP5z3rp3zurLD5ui/sngw="
    }
  }
}
